
Microsoft Visual Studio Solution File, Format Version 12.00
# Visual Studio Version 17
VisualStudioVersion = 17.5.33627.172
MinimumVisualStudioVersion = 10.0.40219.1
Project("{8BC9CEB8-8B4A-11D0-8D11-00A0C91BC942}") = "ImportsHook", "ImportsHook\ImportsHook.vcxproj", "{6A0A3177-A4D5-4243-8199-5BAB0D72BCAB}"
EndProject
Global
	GlobalSection(SolutionConfigurationPlatforms) = preSolution
		Debug|ARM64 = Debug|ARM64
		Debug|x64 = Debug|x64
		Release|ARM64 = Release|ARM64
		Release|x64 = Release|x64
	EndGlobalSection
	GlobalSection(ProjectConfigurationPlatforms) = postSolution
		{6A0A3177-A4D5-4243-8199-5BAB0D72BCAB}.Debug|ARM64.ActiveCfg = Debug|ARM64
		{6A0A3177-A4D5-4243-8199-5BAB0D72BCAB}.Debug|ARM64.Build.0 = Debug|ARM64
		{6A0A3177-A4D5-4243-8199-5BAB0D72BCAB}.Debug|ARM64.Deploy.0 = Debug|ARM64
		{6A0A3177-A4D5-4243-8199-5BAB0D72BCAB}.Debug|x64.ActiveCfg = Debug|x64
		{6A0A3177-A4D5-4243-8199-5BAB0D72BCAB}.Debug|x64.Build.0 = Debug|x64
		{6A0A3177-A4D5-4243-8199-5BAB0D72BCAB}.Debug|x64.Deploy.0 = Debug|x64
		{6A0A3177-A4D5-4243-8199-5BAB0D72BCAB}.Release|ARM64.ActiveCfg = Release|ARM64
		{6A0A3177-A4D5-4243-8199-5BAB0D72BCAB}.Release|ARM64.Build.0 = Release|ARM64
		{6A0A3177-A4D5-4243-8199-5BAB0D72BCAB}.Release|ARM64.Deploy.0 = Release|ARM64
		{6A0A3177-A4D5-4243-8199-5BAB0D72BCAB}.Release|x64.ActiveCfg = Release|x64
		{6A0A3177-A4D5-4243-8199-5BAB0D72BCAB}.Release|x64.Build.0 = Release|x64
		{6A0A3177-A4D5-4243-8199-5BAB0D72BCAB}.Release|x64.Deploy.0 = Release|x64
	EndGlobalSection
	GlobalSection(SolutionProperties) = preSolution
		HideSolutionNode = FALSE
	EndGlobalSection
	GlobalSection(ExtensibilityGlobals) = postSolution
		SolutionGuid = {698488AF-5450-45B8-836D-C1D479EBD8D3}
	EndGlobalSection
EndGlobal
